{
  "requires": true,
  "lockfileVersion": 1,
  "dependencies": {
    "lodash.get": {
      "version": "4.4.2",
      "resolved": "https://registry.npmjs.org/lodash.get/-/lodash.get-4.4.2.tgz",
      "integrity": "sha1-LRd/ZS+jHpObRDjVNBSZ36OCXpk="
    },
    "nested-objects": {
      "version": "0.0.2",
      "resolved": "https://registry.npmjs.org/nested-objects/-/nested-objects-0.0.2.tgz",
      "integrity": "sha1-3/zDW7vtc6/7hX6J+nye6Wm8d4A="
    }
  }
}
